
Microsoft Visual Studio Solution File, Format Version 12.00
# Visual Studio Version 16
VisualStudioVersion = 16.0.30002.166
MinimumVisualStudioVersion = 10.0.40219.1
Project("{FAE04EC0-301F-11D3-BF4B-00C04F79EFBC}") = "LiveChat", "LiveChat\LiveChat.csproj", "{0D5BD743-B48A-410C-9DD7-650900DFB96D}"
EndProject
Global
	GlobalSection(SolutionConfigurationPlatforms) = preSolution
		Debug|Any CPU = Debug|Any CPU
		Release|Any CPU = Release|Any CPU
	EndGlobalSection
	GlobalSection(ProjectConfigurationPlatforms) = postSolution
		{0D5BD743-B48A-410C-9DD7-650900DFB96D}.Debug|Any CPU.ActiveCfg = Debug|Any CPU
		{0D5BD743-B48A-410C-9DD7-650900DFB96D}.Debug|Any CPU.Build.0 = Debug|Any CPU
		{0D5BD743-B48A-410C-9DD7-650900DFB96D}.Release|Any CPU.ActiveCfg = Release|Any CPU
		{0D5BD743-B48A-410C-9DD7-650900DFB96D}.Release|Any CPU.Build.0 = Release|Any CPU
	EndGlobalSection
	GlobalSection(SolutionProperties) = preSolution
		HideSolutionNode = FALSE
	EndGlobalSection
	GlobalSection(ExtensibilityGlobals) = postSolution
		SolutionGuid = {C2C33547-C45A-4C69-A1E3-B0662C7417B1}
	EndGlobalSection
EndGlobal
